
Microsoft Visual Studio Solution File, Format Version 12.00
# Visual Studio Version 16
VisualStudioVersion = 16.0.30907.101
MinimumVisualStudioVersion = 10.0.40219.1
Project("{FAE04EC0-301F-11D3-BF4B-00C04F79EFBC}") = "Dormitory", "Dormitory\Dormitory.csproj", "{463B5035-0ED5-4654-99C6-F0D5166CF128}"
EndProject
Global
	GlobalSection(SolutionConfigurationPlatforms) = preSolution
		Debug|Any CPU = Debug|Any CPU
		Release|Any CPU = Release|Any CPU
	EndGlobalSection
	GlobalSection(ProjectConfigurationPlatforms) = postSolution
		{463B5035-0ED5-4654-99C6-F0D5166CF128}.Debug|Any CPU.ActiveCfg = Debug|Any CPU
		{463B5035-0ED5-4654-99C6-F0D5166CF128}.Debug|Any CPU.Build.0 = Debug|Any CPU
		{463B5035-0ED5-4654-99C6-F0D5166CF128}.Release|Any CPU.ActiveCfg = Release|Any CPU
		{463B5035-0ED5-4654-99C6-F0D5166CF128}.Release|Any CPU.Build.0 = Release|Any CPU
	EndGlobalSection
	GlobalSection(SolutionProperties) = preSolution
		HideSolutionNode = FALSE
	EndGlobalSection
	GlobalSection(ExtensibilityGlobals) = postSolution
		SolutionGuid = {AE0123F9-B29D-4695-A8D5-D6247B26022F}
	EndGlobalSection
EndGlobal
