
Microsoft Visual Studio Solution File, Format Version 12.00
# Visual Studio Version 16
VisualStudioVersion = 16.0.29411.108
MinimumVisualStudioVersion = 10.0.40219.1
Project("{8BC9CEB8-8B4A-11D0-8D11-00A0C91BC942}") = "ЛР №2.1", "ЛР №2.1\ЛР №2.1.vcxproj", "{FDD0202C-66AE-493C-B6BC-317B3C89A21E}"
EndProject
Global
	GlobalSection(SolutionConfigurationPlatforms) = preSolution
		Debug|x64 = Debug|x64
		Debug|x86 = Debug|x86
		Release|x64 = Release|x64
		Release|x86 = Release|x86
	EndGlobalSection
	GlobalSection(ProjectConfigurationPlatforms) = postSolution
		{FDD0202C-66AE-493C-B6BC-317B3C89A21E}.Debug|x64.ActiveCfg = Debug|x64
		{FDD0202C-66AE-493C-B6BC-317B3C89A21E}.Debug|x64.Build.0 = Debug|x64
		{FDD0202C-66AE-493C-B6BC-317B3C89A21E}.Debug|x86.ActiveCfg = Debug|Win32
		{FDD0202C-66AE-493C-B6BC-317B3C89A21E}.Debug|x86.Build.0 = Debug|Win32
		{FDD0202C-66AE-493C-B6BC-317B3C89A21E}.Release|x64.ActiveCfg = Release|x64
		{FDD0202C-66AE-493C-B6BC-317B3C89A21E}.Release|x64.Build.0 = Release|x64
		{FDD0202C-66AE-493C-B6BC-317B3C89A21E}.Release|x86.ActiveCfg = Release|Win32
		{FDD0202C-66AE-493C-B6BC-317B3C89A21E}.Release|x86.Build.0 = Release|Win32
	EndGlobalSection
	GlobalSection(SolutionProperties) = preSolution
		HideSolutionNode = FALSE
	EndGlobalSection
	GlobalSection(ExtensibilityGlobals) = postSolution
		SolutionGuid = {FD9DF735-BEB0-48F5-A16C-DF66A76E491C}
	EndGlobalSection
EndGlobal
