
Microsoft Visual Studio Solution File, Format Version 12.00
# Visual Studio Version 16
VisualStudioVersion = 16.0.29411.108
MinimumVisualStudioVersion = 10.0.40219.1
Project("{8BC9CEB8-8B4A-11D0-8D11-00A0C91BC942}") = "ЛР №16.1", "ЛР №16.1\ЛР №16.1.vcxproj", "{D46FABF3-B0AA-4CC4-A278-D8BE93932951}"
EndProject
Global
	GlobalSection(SolutionConfigurationPlatforms) = preSolution
		Debug|x64 = Debug|x64
		Debug|x86 = Debug|x86
		Release|x64 = Release|x64
		Release|x86 = Release|x86
	EndGlobalSection
	GlobalSection(ProjectConfigurationPlatforms) = postSolution
		{D46FABF3-B0AA-4CC4-A278-D8BE93932951}.Debug|x64.ActiveCfg = Debug|x64
		{D46FABF3-B0AA-4CC4-A278-D8BE93932951}.Debug|x64.Build.0 = Debug|x64
		{D46FABF3-B0AA-4CC4-A278-D8BE93932951}.Debug|x86.ActiveCfg = Debug|Win32
		{D46FABF3-B0AA-4CC4-A278-D8BE93932951}.Debug|x86.Build.0 = Debug|Win32
		{D46FABF3-B0AA-4CC4-A278-D8BE93932951}.Release|x64.ActiveCfg = Release|x64
		{D46FABF3-B0AA-4CC4-A278-D8BE93932951}.Release|x64.Build.0 = Release|x64
		{D46FABF3-B0AA-4CC4-A278-D8BE93932951}.Release|x86.ActiveCfg = Release|Win32
		{D46FABF3-B0AA-4CC4-A278-D8BE93932951}.Release|x86.Build.0 = Release|Win32
	EndGlobalSection
	GlobalSection(SolutionProperties) = preSolution
		HideSolutionNode = FALSE
	EndGlobalSection
	GlobalSection(ExtensibilityGlobals) = postSolution
		SolutionGuid = {2BAED2F5-C49E-43DC-A0DC-C3CD6DD02C6B}
	EndGlobalSection
EndGlobal
