
Microsoft Visual Studio Solution File, Format Version 12.00
# Visual Studio Version 16
VisualStudioVersion = 16.0.29411.108
MinimumVisualStudioVersion = 10.0.40219.1
Project("{8BC9CEB8-8B4A-11D0-8D11-00A0C91BC942}") = "Доп. ЛР №4.3", "Доп. ЛР №4.3\Доп. ЛР №4.3.vcxproj", "{E25EC398-34E1-4170-A5E7-503234BDF9CF}"
EndProject
Global
	GlobalSection(SolutionConfigurationPlatforms) = preSolution
		Debug|x64 = Debug|x64
		Debug|x86 = Debug|x86
		Release|x64 = Release|x64
		Release|x86 = Release|x86
	EndGlobalSection
	GlobalSection(ProjectConfigurationPlatforms) = postSolution
		{E25EC398-34E1-4170-A5E7-503234BDF9CF}.Debug|x64.ActiveCfg = Debug|x64
		{E25EC398-34E1-4170-A5E7-503234BDF9CF}.Debug|x64.Build.0 = Debug|x64
		{E25EC398-34E1-4170-A5E7-503234BDF9CF}.Debug|x86.ActiveCfg = Debug|Win32
		{E25EC398-34E1-4170-A5E7-503234BDF9CF}.Debug|x86.Build.0 = Debug|Win32
		{E25EC398-34E1-4170-A5E7-503234BDF9CF}.Release|x64.ActiveCfg = Release|x64
		{E25EC398-34E1-4170-A5E7-503234BDF9CF}.Release|x64.Build.0 = Release|x64
		{E25EC398-34E1-4170-A5E7-503234BDF9CF}.Release|x86.ActiveCfg = Release|Win32
		{E25EC398-34E1-4170-A5E7-503234BDF9CF}.Release|x86.Build.0 = Release|Win32
	EndGlobalSection
	GlobalSection(SolutionProperties) = preSolution
		HideSolutionNode = FALSE
	EndGlobalSection
	GlobalSection(ExtensibilityGlobals) = postSolution
		SolutionGuid = {43F60A47-C205-44C1-8F2C-E172018D7F77}
	EndGlobalSection
EndGlobal
