
Microsoft Visual Studio Solution File, Format Version 12.00
# Visual Studio 15
VisualStudioVersion = 15.0.28307.779
MinimumVisualStudioVersion = 10.0.40219.1
Project("{FAE04EC0-301F-11D3-BF4B-00C04F79EFBC}") = "LR8", "LR8\LR8.csproj", "{56EF7A50-512D-4B80-8289-4A9902F770E4}"
EndProject
Global
	GlobalSection(SolutionConfigurationPlatforms) = preSolution
		Debug|Any CPU = Debug|Any CPU
		Release|Any CPU = Release|Any CPU
	EndGlobalSection
	GlobalSection(ProjectConfigurationPlatforms) = postSolution
		{56EF7A50-512D-4B80-8289-4A9902F770E4}.Debug|Any CPU.ActiveCfg = Debug|Any CPU
		{56EF7A50-512D-4B80-8289-4A9902F770E4}.Debug|Any CPU.Build.0 = Debug|Any CPU
		{56EF7A50-512D-4B80-8289-4A9902F770E4}.Release|Any CPU.ActiveCfg = Release|Any CPU
		{56EF7A50-512D-4B80-8289-4A9902F770E4}.Release|Any CPU.Build.0 = Release|Any CPU
	EndGlobalSection
	GlobalSection(SolutionProperties) = preSolution
		HideSolutionNode = FALSE
	EndGlobalSection
	GlobalSection(ExtensibilityGlobals) = postSolution
		SolutionGuid = {8D71467B-475B-4064-A723-2D0CECC41404}
	EndGlobalSection
EndGlobal
