
Microsoft Visual Studio Solution File, Format Version 12.00
# Visual Studio Version 16
VisualStudioVersion = 16.0.29911.84
MinimumVisualStudioVersion = 10.0.40219.1
Project("{8BC9CEB8-8B4A-11D0-8D11-00A0C91BC942}") = "2", "2\2.vcxproj", "{2E2A19C7-2CE1-489F-BD67-1E12094E8354}"
EndProject
Global
	GlobalSection(SolutionConfigurationPlatforms) = preSolution
		Debug|x64 = Debug|x64
		Debug|x86 = Debug|x86
		Release|x64 = Release|x64
		Release|x86 = Release|x86
	EndGlobalSection
	GlobalSection(ProjectConfigurationPlatforms) = postSolution
		{2E2A19C7-2CE1-489F-BD67-1E12094E8354}.Debug|x64.ActiveCfg = Debug|x64
		{2E2A19C7-2CE1-489F-BD67-1E12094E8354}.Debug|x64.Build.0 = Debug|x64
		{2E2A19C7-2CE1-489F-BD67-1E12094E8354}.Debug|x86.ActiveCfg = Debug|Win32
		{2E2A19C7-2CE1-489F-BD67-1E12094E8354}.Debug|x86.Build.0 = Debug|Win32
		{2E2A19C7-2CE1-489F-BD67-1E12094E8354}.Release|x64.ActiveCfg = Release|x64
		{2E2A19C7-2CE1-489F-BD67-1E12094E8354}.Release|x64.Build.0 = Release|x64
		{2E2A19C7-2CE1-489F-BD67-1E12094E8354}.Release|x86.ActiveCfg = Release|Win32
		{2E2A19C7-2CE1-489F-BD67-1E12094E8354}.Release|x86.Build.0 = Release|Win32
	EndGlobalSection
	GlobalSection(SolutionProperties) = preSolution
		HideSolutionNode = FALSE
	EndGlobalSection
	GlobalSection(ExtensibilityGlobals) = postSolution
		SolutionGuid = {9110448D-CD2E-4E31-9446-56FBDC9171F4}
	EndGlobalSection
EndGlobal
