
Microsoft Visual Studio Solution File, Format Version 12.00
# Visual Studio Version 16
VisualStudioVersion = 16.0.30907.101
MinimumVisualStudioVersion = 10.0.40219.1
Project("{FAE04EC0-301F-11D3-BF4B-00C04F79EFBC}") = "ЛР №1", "ЛР №1\ЛР №1.csproj", "{DBE39FF5-88AC-4EFE-A6B9-82B9C6DF5C51}"
EndProject
Global
	GlobalSection(SolutionConfigurationPlatforms) = preSolution
		Debug|Any CPU = Debug|Any CPU
		Release|Any CPU = Release|Any CPU
	EndGlobalSection
	GlobalSection(ProjectConfigurationPlatforms) = postSolution
		{DBE39FF5-88AC-4EFE-A6B9-82B9C6DF5C51}.Debug|Any CPU.ActiveCfg = Debug|Any CPU
		{DBE39FF5-88AC-4EFE-A6B9-82B9C6DF5C51}.Debug|Any CPU.Build.0 = Debug|Any CPU
		{DBE39FF5-88AC-4EFE-A6B9-82B9C6DF5C51}.Release|Any CPU.ActiveCfg = Release|Any CPU
		{DBE39FF5-88AC-4EFE-A6B9-82B9C6DF5C51}.Release|Any CPU.Build.0 = Release|Any CPU
	EndGlobalSection
	GlobalSection(SolutionProperties) = preSolution
		HideSolutionNode = FALSE
	EndGlobalSection
	GlobalSection(ExtensibilityGlobals) = postSolution
		SolutionGuid = {5A6C4901-3079-4181-84A3-650456F94DDB}
	EndGlobalSection
EndGlobal
