
Microsoft Visual Studio Solution File, Format Version 12.00
# Visual Studio Version 16
VisualStudioVersion = 16.0.30517.126
MinimumVisualStudioVersion = 10.0.40219.1
Project("{FAE04EC0-301F-11D3-BF4B-00C04F79EFBC}") = "ЛР №5", "ЛР №5\ЛР №5.csproj", "{04B826B7-E7E5-4DAA-AEE1-C7417ECD4169}"
EndProject
Global
	GlobalSection(SolutionConfigurationPlatforms) = preSolution
		Debug|Any CPU = Debug|Any CPU
		Release|Any CPU = Release|Any CPU
	EndGlobalSection
	GlobalSection(ProjectConfigurationPlatforms) = postSolution
		{04B826B7-E7E5-4DAA-AEE1-C7417ECD4169}.Debug|Any CPU.ActiveCfg = Debug|Any CPU
		{04B826B7-E7E5-4DAA-AEE1-C7417ECD4169}.Debug|Any CPU.Build.0 = Debug|Any CPU
		{04B826B7-E7E5-4DAA-AEE1-C7417ECD4169}.Release|Any CPU.ActiveCfg = Release|Any CPU
		{04B826B7-E7E5-4DAA-AEE1-C7417ECD4169}.Release|Any CPU.Build.0 = Release|Any CPU
	EndGlobalSection
	GlobalSection(SolutionProperties) = preSolution
		HideSolutionNode = FALSE
	EndGlobalSection
	GlobalSection(ExtensibilityGlobals) = postSolution
		SolutionGuid = {46E043BD-FFD8-4AC9-A06A-FF67D66143C1}
	EndGlobalSection
EndGlobal
