
Microsoft Visual Studio Solution File, Format Version 12.00
# Visual Studio Version 16
VisualStudioVersion = 16.0.30804.86
MinimumVisualStudioVersion = 10.0.40219.1
Project("{FAE04EC0-301F-11D3-BF4B-00C04F79EFBC}") = "SERVER", "SERVER\SERVER.csproj", "{84E51EE8-9BF0-4322-96D3-D3F0A996AB1F}"
EndProject
Global
	GlobalSection(SolutionConfigurationPlatforms) = preSolution
		Debug|Any CPU = Debug|Any CPU
		Release|Any CPU = Release|Any CPU
	EndGlobalSection
	GlobalSection(ProjectConfigurationPlatforms) = postSolution
		{84E51EE8-9BF0-4322-96D3-D3F0A996AB1F}.Debug|Any CPU.ActiveCfg = Debug|Any CPU
		{84E51EE8-9BF0-4322-96D3-D3F0A996AB1F}.Debug|Any CPU.Build.0 = Debug|Any CPU
		{84E51EE8-9BF0-4322-96D3-D3F0A996AB1F}.Release|Any CPU.ActiveCfg = Release|Any CPU
		{84E51EE8-9BF0-4322-96D3-D3F0A996AB1F}.Release|Any CPU.Build.0 = Release|Any CPU
	EndGlobalSection
	GlobalSection(SolutionProperties) = preSolution
		HideSolutionNode = FALSE
	EndGlobalSection
	GlobalSection(ExtensibilityGlobals) = postSolution
		SolutionGuid = {88B319AD-FE13-4124-8A37-AAB3E60FD9BF}
	EndGlobalSection
EndGlobal
