
Microsoft Visual Studio Solution File, Format Version 12.00
# Visual Studio Version 16
VisualStudioVersion = 16.0.29411.108
MinimumVisualStudioVersion = 10.0.40219.1
Project("{8BC9CEB8-8B4A-11D0-8D11-00A0C91BC942}") = "ЛР №5.1", "ЛР №5.1\ЛР №5.1.vcxproj", "{D3DBCC63-99CF-4070-8545-6D12E4E65C26}"
EndProject
Global
	GlobalSection(SolutionConfigurationPlatforms) = preSolution
		Debug|x64 = Debug|x64
		Debug|x86 = Debug|x86
		Release|x64 = Release|x64
		Release|x86 = Release|x86
	EndGlobalSection
	GlobalSection(ProjectConfigurationPlatforms) = postSolution
		{D3DBCC63-99CF-4070-8545-6D12E4E65C26}.Debug|x64.ActiveCfg = Debug|x64
		{D3DBCC63-99CF-4070-8545-6D12E4E65C26}.Debug|x64.Build.0 = Debug|x64
		{D3DBCC63-99CF-4070-8545-6D12E4E65C26}.Debug|x86.ActiveCfg = Debug|Win32
		{D3DBCC63-99CF-4070-8545-6D12E4E65C26}.Debug|x86.Build.0 = Debug|Win32
		{D3DBCC63-99CF-4070-8545-6D12E4E65C26}.Release|x64.ActiveCfg = Release|x64
		{D3DBCC63-99CF-4070-8545-6D12E4E65C26}.Release|x64.Build.0 = Release|x64
		{D3DBCC63-99CF-4070-8545-6D12E4E65C26}.Release|x86.ActiveCfg = Release|Win32
		{D3DBCC63-99CF-4070-8545-6D12E4E65C26}.Release|x86.Build.0 = Release|Win32
	EndGlobalSection
	GlobalSection(SolutionProperties) = preSolution
		HideSolutionNode = FALSE
	EndGlobalSection
	GlobalSection(ExtensibilityGlobals) = postSolution
		SolutionGuid = {2B353CA6-8DC5-4072-936F-A82C624284D2}
	EndGlobalSection
EndGlobal
