
Microsoft Visual Studio Solution File, Format Version 12.00
# Visual Studio 15
VisualStudioVersion = 15.0.28307.329
MinimumVisualStudioVersion = 10.0.40219.1
Project("{FAE04EC0-301F-11D3-BF4B-00C04F79EFBC}") = "OOP_Laba_2", "OOP_Laba_2\OOP_Laba_2.csproj", "{AC2A2E72-47EF-4624-9AD8-E90DBBC7286D}"
EndProject
Global
	GlobalSection(SolutionConfigurationPlatforms) = preSolution
		Debug|Any CPU = Debug|Any CPU
		Release|Any CPU = Release|Any CPU
	EndGlobalSection
	GlobalSection(ProjectConfigurationPlatforms) = postSolution
		{AC2A2E72-47EF-4624-9AD8-E90DBBC7286D}.Debug|Any CPU.ActiveCfg = Debug|Any CPU
		{AC2A2E72-47EF-4624-9AD8-E90DBBC7286D}.Debug|Any CPU.Build.0 = Debug|Any CPU
		{AC2A2E72-47EF-4624-9AD8-E90DBBC7286D}.Release|Any CPU.ActiveCfg = Release|Any CPU
		{AC2A2E72-47EF-4624-9AD8-E90DBBC7286D}.Release|Any CPU.Build.0 = Release|Any CPU
	EndGlobalSection
	GlobalSection(SolutionProperties) = preSolution
		HideSolutionNode = FALSE
	EndGlobalSection
	GlobalSection(ExtensibilityGlobals) = postSolution
		SolutionGuid = {82461EBC-DCC2-48FE-8D3C-D4C3DF212680}
	EndGlobalSection
EndGlobal
