
Microsoft Visual Studio Solution File, Format Version 12.00
# Visual Studio Version 16
VisualStudioVersion = 16.0.29905.134
MinimumVisualStudioVersion = 10.0.40219.1
Project("{FAE04EC0-301F-11D3-BF4B-00C04F79EFBC}") = "Lab 8", "Lab 8\Lab 8.csproj", "{568A46BE-2FFF-4B3E-84DC-89A49552D8CB}"
EndProject
Global
	GlobalSection(SolutionConfigurationPlatforms) = preSolution
		Debug|Any CPU = Debug|Any CPU
		Release|Any CPU = Release|Any CPU
	EndGlobalSection
	GlobalSection(ProjectConfigurationPlatforms) = postSolution
		{568A46BE-2FFF-4B3E-84DC-89A49552D8CB}.Debug|Any CPU.ActiveCfg = Debug|Any CPU
		{568A46BE-2FFF-4B3E-84DC-89A49552D8CB}.Debug|Any CPU.Build.0 = Debug|Any CPU
		{568A46BE-2FFF-4B3E-84DC-89A49552D8CB}.Release|Any CPU.ActiveCfg = Release|Any CPU
		{568A46BE-2FFF-4B3E-84DC-89A49552D8CB}.Release|Any CPU.Build.0 = Release|Any CPU
	EndGlobalSection
	GlobalSection(SolutionProperties) = preSolution
		HideSolutionNode = FALSE
	EndGlobalSection
	GlobalSection(ExtensibilityGlobals) = postSolution
		SolutionGuid = {36B6F6FB-E374-453F-9467-4FE5A3099030}
	EndGlobalSection
EndGlobal
