
Microsoft Visual Studio Solution File, Format Version 12.00
# Visual Studio Version 16
VisualStudioVersion = 16.0.30907.101
MinimumVisualStudioVersion = 10.0.40219.1
Project("{FAE04EC0-301F-11D3-BF4B-00C04F79EFBC}") = "ЛР №2", "ЛР №2\ЛР №2.csproj", "{95B1CBD7-6760-4E3E-8278-1A79B3DD03CF}"
EndProject
Global
	GlobalSection(SolutionConfigurationPlatforms) = preSolution
		Debug|Any CPU = Debug|Any CPU
		Release|Any CPU = Release|Any CPU
	EndGlobalSection
	GlobalSection(ProjectConfigurationPlatforms) = postSolution
		{95B1CBD7-6760-4E3E-8278-1A79B3DD03CF}.Debug|Any CPU.ActiveCfg = Debug|Any CPU
		{95B1CBD7-6760-4E3E-8278-1A79B3DD03CF}.Debug|Any CPU.Build.0 = Debug|Any CPU
		{95B1CBD7-6760-4E3E-8278-1A79B3DD03CF}.Release|Any CPU.ActiveCfg = Release|Any CPU
		{95B1CBD7-6760-4E3E-8278-1A79B3DD03CF}.Release|Any CPU.Build.0 = Release|Any CPU
	EndGlobalSection
	GlobalSection(SolutionProperties) = preSolution
		HideSolutionNode = FALSE
	EndGlobalSection
	GlobalSection(ExtensibilityGlobals) = postSolution
		SolutionGuid = {6A3606E0-A549-4A67-A875-E5745F6E8AD0}
	EndGlobalSection
EndGlobal
