
Microsoft Visual Studio Solution File, Format Version 12.00
# Visual Studio Version 16
VisualStudioVersion = 16.0.29728.190
MinimumVisualStudioVersion = 10.0.40219.1
Project("{FAE04EC0-301F-11D3-BF4B-00C04F79EFBC}") = "LR11", "LR11\LR11.csproj", "{35696C64-EC58-419B-8E69-AA03BA7B1D8B}"
EndProject
Global
	GlobalSection(SolutionConfigurationPlatforms) = preSolution
		Debug|Any CPU = Debug|Any CPU
		Release|Any CPU = Release|Any CPU
	EndGlobalSection
	GlobalSection(ProjectConfigurationPlatforms) = postSolution
		{35696C64-EC58-419B-8E69-AA03BA7B1D8B}.Debug|Any CPU.ActiveCfg = Debug|Any CPU
		{35696C64-EC58-419B-8E69-AA03BA7B1D8B}.Debug|Any CPU.Build.0 = Debug|Any CPU
		{35696C64-EC58-419B-8E69-AA03BA7B1D8B}.Release|Any CPU.ActiveCfg = Release|Any CPU
		{35696C64-EC58-419B-8E69-AA03BA7B1D8B}.Release|Any CPU.Build.0 = Release|Any CPU
	EndGlobalSection
	GlobalSection(SolutionProperties) = preSolution
		HideSolutionNode = FALSE
	EndGlobalSection
	GlobalSection(ExtensibilityGlobals) = postSolution
		SolutionGuid = {E8569FE2-314B-4372-98B3-82DBA3D71A0A}
	EndGlobalSection
EndGlobal
