
Microsoft Visual Studio Solution File, Format Version 12.00
# Visual Studio Version 16
VisualStudioVersion = 16.0.29411.108
MinimumVisualStudioVersion = 10.0.40219.1
Project("{8BC9CEB8-8B4A-11D0-8D11-00A0C91BC942}") = "Доп. ЛР №14.1", "Доп. ЛР №14.1\Доп. ЛР №14.1.vcxproj", "{61C83BF0-D6E4-44F9-AF32-22CA4D48A478}"
EndProject
Global
	GlobalSection(SolutionConfigurationPlatforms) = preSolution
		Debug|x64 = Debug|x64
		Debug|x86 = Debug|x86
		Release|x64 = Release|x64
		Release|x86 = Release|x86
	EndGlobalSection
	GlobalSection(ProjectConfigurationPlatforms) = postSolution
		{61C83BF0-D6E4-44F9-AF32-22CA4D48A478}.Debug|x64.ActiveCfg = Debug|x64
		{61C83BF0-D6E4-44F9-AF32-22CA4D48A478}.Debug|x64.Build.0 = Debug|x64
		{61C83BF0-D6E4-44F9-AF32-22CA4D48A478}.Debug|x86.ActiveCfg = Debug|Win32
		{61C83BF0-D6E4-44F9-AF32-22CA4D48A478}.Debug|x86.Build.0 = Debug|Win32
		{61C83BF0-D6E4-44F9-AF32-22CA4D48A478}.Release|x64.ActiveCfg = Release|x64
		{61C83BF0-D6E4-44F9-AF32-22CA4D48A478}.Release|x64.Build.0 = Release|x64
		{61C83BF0-D6E4-44F9-AF32-22CA4D48A478}.Release|x86.ActiveCfg = Release|Win32
		{61C83BF0-D6E4-44F9-AF32-22CA4D48A478}.Release|x86.Build.0 = Release|Win32
	EndGlobalSection
	GlobalSection(SolutionProperties) = preSolution
		HideSolutionNode = FALSE
	EndGlobalSection
	GlobalSection(ExtensibilityGlobals) = postSolution
		SolutionGuid = {B36C8E7B-3871-4C2B-95A1-059A36CC2AD0}
	EndGlobalSection
EndGlobal
