
Microsoft Visual Studio Solution File, Format Version 12.00
# Visual Studio Version 16
VisualStudioVersion = 16.0.30517.126
MinimumVisualStudioVersion = 10.0.40219.1
Project("{FAE04EC0-301F-11D3-BF4B-00C04F79EFBC}") = "ЛР №6", "ЛР №6\ЛР №6.csproj", "{C88B6870-D0AA-4A42-B879-9F4167F88795}"
EndProject
Global
	GlobalSection(SolutionConfigurationPlatforms) = preSolution
		Debug|Any CPU = Debug|Any CPU
		Release|Any CPU = Release|Any CPU
	EndGlobalSection
	GlobalSection(ProjectConfigurationPlatforms) = postSolution
		{C88B6870-D0AA-4A42-B879-9F4167F88795}.Debug|Any CPU.ActiveCfg = Debug|Any CPU
		{C88B6870-D0AA-4A42-B879-9F4167F88795}.Debug|Any CPU.Build.0 = Debug|Any CPU
		{C88B6870-D0AA-4A42-B879-9F4167F88795}.Release|Any CPU.ActiveCfg = Release|Any CPU
		{C88B6870-D0AA-4A42-B879-9F4167F88795}.Release|Any CPU.Build.0 = Release|Any CPU
	EndGlobalSection
	GlobalSection(SolutionProperties) = preSolution
		HideSolutionNode = FALSE
	EndGlobalSection
	GlobalSection(ExtensibilityGlobals) = postSolution
		SolutionGuid = {F5CB1AA8-113C-418A-9A6E-6E1DF521B0DF}
	EndGlobalSection
EndGlobal
