
Microsoft Visual Studio Solution File, Format Version 12.00
# Visual Studio Version 16
VisualStudioVersion = 16.0.28809.33
MinimumVisualStudioVersion = 10.0.40219.1
Project("{FAE04EC0-301F-11D3-BF4B-00C04F79EFBC}") = "OOP_Laba_8", "OOP_Laba_8\OOP_Laba_8.csproj", "{984F6FD4-2901-4063-86AB-98FC21046DB6}"
EndProject
Global
	GlobalSection(SolutionConfigurationPlatforms) = preSolution
		Debug|Any CPU = Debug|Any CPU
		Release|Any CPU = Release|Any CPU
	EndGlobalSection
	GlobalSection(ProjectConfigurationPlatforms) = postSolution
		{984F6FD4-2901-4063-86AB-98FC21046DB6}.Debug|Any CPU.ActiveCfg = Debug|Any CPU
		{984F6FD4-2901-4063-86AB-98FC21046DB6}.Debug|Any CPU.Build.0 = Debug|Any CPU
		{984F6FD4-2901-4063-86AB-98FC21046DB6}.Release|Any CPU.ActiveCfg = Release|Any CPU
		{984F6FD4-2901-4063-86AB-98FC21046DB6}.Release|Any CPU.Build.0 = Release|Any CPU
	EndGlobalSection
	GlobalSection(SolutionProperties) = preSolution
		HideSolutionNode = FALSE
	EndGlobalSection
	GlobalSection(ExtensibilityGlobals) = postSolution
		SolutionGuid = {EFC69A80-C5A8-4B7F-BE7A-96976AEC7A92}
	EndGlobalSection
EndGlobal
