
Microsoft Visual Studio Solution File, Format Version 12.00
# Visual Studio 15
VisualStudioVersion = 15.0.28307.329
MinimumVisualStudioVersion = 10.0.40219.1
Project("{FAE04EC0-301F-11D3-BF4B-00C04F79EFBC}") = "OOP_Laba_1_1", "OOP_Laba_1_1\OOP_Laba_1_1.csproj", "{503734FB-5D66-4BF5-B02B-B0B24A5C70AD}"
EndProject
Global
	GlobalSection(SolutionConfigurationPlatforms) = preSolution
		Debug|Any CPU = Debug|Any CPU
		Release|Any CPU = Release|Any CPU
	EndGlobalSection
	GlobalSection(ProjectConfigurationPlatforms) = postSolution
		{503734FB-5D66-4BF5-B02B-B0B24A5C70AD}.Debug|Any CPU.ActiveCfg = Debug|Any CPU
		{503734FB-5D66-4BF5-B02B-B0B24A5C70AD}.Debug|Any CPU.Build.0 = Debug|Any CPU
		{503734FB-5D66-4BF5-B02B-B0B24A5C70AD}.Release|Any CPU.ActiveCfg = Release|Any CPU
		{503734FB-5D66-4BF5-B02B-B0B24A5C70AD}.Release|Any CPU.Build.0 = Release|Any CPU
	EndGlobalSection
	GlobalSection(SolutionProperties) = preSolution
		HideSolutionNode = FALSE
	EndGlobalSection
	GlobalSection(ExtensibilityGlobals) = postSolution
		SolutionGuid = {221A946B-F360-4D7C-B60A-490FF4716CCC}
	EndGlobalSection
EndGlobal
