
Microsoft Visual Studio Solution File, Format Version 12.00
# Visual Studio Version 16
VisualStudioVersion = 16.0.29411.108
MinimumVisualStudioVersion = 10.0.40219.1
Project("{8BC9CEB8-8B4A-11D0-8D11-00A0C91BC942}") = "Доп. ЛР №15.1", "Доп. ЛР №15.1\Доп. ЛР №15.1.vcxproj", "{CB5E11BE-45E7-49F7-A229-719750E23CBE}"
EndProject
Global
	GlobalSection(SolutionConfigurationPlatforms) = preSolution
		Debug|x64 = Debug|x64
		Debug|x86 = Debug|x86
		Release|x64 = Release|x64
		Release|x86 = Release|x86
	EndGlobalSection
	GlobalSection(ProjectConfigurationPlatforms) = postSolution
		{CB5E11BE-45E7-49F7-A229-719750E23CBE}.Debug|x64.ActiveCfg = Debug|x64
		{CB5E11BE-45E7-49F7-A229-719750E23CBE}.Debug|x64.Build.0 = Debug|x64
		{CB5E11BE-45E7-49F7-A229-719750E23CBE}.Debug|x86.ActiveCfg = Debug|Win32
		{CB5E11BE-45E7-49F7-A229-719750E23CBE}.Debug|x86.Build.0 = Debug|Win32
		{CB5E11BE-45E7-49F7-A229-719750E23CBE}.Release|x64.ActiveCfg = Release|x64
		{CB5E11BE-45E7-49F7-A229-719750E23CBE}.Release|x64.Build.0 = Release|x64
		{CB5E11BE-45E7-49F7-A229-719750E23CBE}.Release|x86.ActiveCfg = Release|Win32
		{CB5E11BE-45E7-49F7-A229-719750E23CBE}.Release|x86.Build.0 = Release|Win32
	EndGlobalSection
	GlobalSection(SolutionProperties) = preSolution
		HideSolutionNode = FALSE
	EndGlobalSection
	GlobalSection(ExtensibilityGlobals) = postSolution
		SolutionGuid = {D08BAFDA-871D-4811-839D-4AB5355DD39B}
	EndGlobalSection
EndGlobal
