
Microsoft Visual Studio Solution File, Format Version 12.00
# Visual Studio Version 16
VisualStudioVersion = 16.0.30804.86
MinimumVisualStudioVersion = 10.0.40219.1
Project("{FAE04EC0-301F-11D3-BF4B-00C04F79EFBC}") = "2-6", "2-6\2-6.csproj", "{F08AA522-A8D5-4067-A08A-8A1384A68B33}"
EndProject
Global
	GlobalSection(SolutionConfigurationPlatforms) = preSolution
		Debug|Any CPU = Debug|Any CPU
		Release|Any CPU = Release|Any CPU
	EndGlobalSection
	GlobalSection(ProjectConfigurationPlatforms) = postSolution
		{F08AA522-A8D5-4067-A08A-8A1384A68B33}.Debug|Any CPU.ActiveCfg = Debug|Any CPU
		{F08AA522-A8D5-4067-A08A-8A1384A68B33}.Debug|Any CPU.Build.0 = Debug|Any CPU
		{F08AA522-A8D5-4067-A08A-8A1384A68B33}.Release|Any CPU.ActiveCfg = Release|Any CPU
		{F08AA522-A8D5-4067-A08A-8A1384A68B33}.Release|Any CPU.Build.0 = Release|Any CPU
	EndGlobalSection
	GlobalSection(SolutionProperties) = preSolution
		HideSolutionNode = FALSE
	EndGlobalSection
	GlobalSection(ExtensibilityGlobals) = postSolution
		SolutionGuid = {58C449A7-657B-43B5-8664-7D33159031EE}
	EndGlobalSection
EndGlobal
