
Microsoft Visual Studio Solution File, Format Version 12.00
# Visual Studio Version 16
VisualStudioVersion = 16.0.30907.101
MinimumVisualStudioVersion = 10.0.40219.1
Project("{8BC9CEB8-8B4A-11D0-8D11-00A0C91BC942}") = "ЛР №6.3", "ЛР №6.3\ЛР №6.3.vcxproj", "{BCEBA396-9085-486B-82A3-BE346EC4639C}"
EndProject
Global
	GlobalSection(SolutionConfigurationPlatforms) = preSolution
		Debug|x64 = Debug|x64
		Debug|x86 = Debug|x86
		Release|x64 = Release|x64
		Release|x86 = Release|x86
	EndGlobalSection
	GlobalSection(ProjectConfigurationPlatforms) = postSolution
		{BCEBA396-9085-486B-82A3-BE346EC4639C}.Debug|x64.ActiveCfg = Debug|x64
		{BCEBA396-9085-486B-82A3-BE346EC4639C}.Debug|x64.Build.0 = Debug|x64
		{BCEBA396-9085-486B-82A3-BE346EC4639C}.Debug|x86.ActiveCfg = Debug|Win32
		{BCEBA396-9085-486B-82A3-BE346EC4639C}.Debug|x86.Build.0 = Debug|Win32
		{BCEBA396-9085-486B-82A3-BE346EC4639C}.Release|x64.ActiveCfg = Release|x64
		{BCEBA396-9085-486B-82A3-BE346EC4639C}.Release|x64.Build.0 = Release|x64
		{BCEBA396-9085-486B-82A3-BE346EC4639C}.Release|x86.ActiveCfg = Release|Win32
		{BCEBA396-9085-486B-82A3-BE346EC4639C}.Release|x86.Build.0 = Release|Win32
	EndGlobalSection
	GlobalSection(SolutionProperties) = preSolution
		HideSolutionNode = FALSE
	EndGlobalSection
	GlobalSection(ExtensibilityGlobals) = postSolution
		SolutionGuid = {E976A126-86D3-4CDB-8560-9895F79667EF}
	EndGlobalSection
EndGlobal
