
Microsoft Visual Studio Solution File, Format Version 12.00
# Visual Studio Version 16
VisualStudioVersion = 16.0.29409.12
MinimumVisualStudioVersion = 10.0.40219.1
Project("{8BC9CEB8-8B4A-11D0-8D11-00A0C91BC942}") = "Доп. ЛБ №6.3", "Доп. ЛБ №6.3\Доп. ЛБ №6.3.vcxproj", "{C4177B22-D68E-432B-8785-0E3E95A79D99}"
EndProject
Global
	GlobalSection(SolutionConfigurationPlatforms) = preSolution
		Debug|x64 = Debug|x64
		Debug|x86 = Debug|x86
		Release|x64 = Release|x64
		Release|x86 = Release|x86
	EndGlobalSection
	GlobalSection(ProjectConfigurationPlatforms) = postSolution
		{C4177B22-D68E-432B-8785-0E3E95A79D99}.Debug|x64.ActiveCfg = Debug|x64
		{C4177B22-D68E-432B-8785-0E3E95A79D99}.Debug|x64.Build.0 = Debug|x64
		{C4177B22-D68E-432B-8785-0E3E95A79D99}.Debug|x86.ActiveCfg = Debug|Win32
		{C4177B22-D68E-432B-8785-0E3E95A79D99}.Debug|x86.Build.0 = Debug|Win32
		{C4177B22-D68E-432B-8785-0E3E95A79D99}.Release|x64.ActiveCfg = Release|x64
		{C4177B22-D68E-432B-8785-0E3E95A79D99}.Release|x64.Build.0 = Release|x64
		{C4177B22-D68E-432B-8785-0E3E95A79D99}.Release|x86.ActiveCfg = Release|Win32
		{C4177B22-D68E-432B-8785-0E3E95A79D99}.Release|x86.Build.0 = Release|Win32
	EndGlobalSection
	GlobalSection(SolutionProperties) = preSolution
		HideSolutionNode = FALSE
	EndGlobalSection
	GlobalSection(ExtensibilityGlobals) = postSolution
		SolutionGuid = {C4D4FD27-0CCB-4A95-A0F2-DCB037B5B912}
	EndGlobalSection
EndGlobal
