
Microsoft Visual Studio Solution File, Format Version 12.00
# Visual Studio Version 16
VisualStudioVersion = 16.0.30517.126
MinimumVisualStudioVersion = 10.0.40219.1
Project("{FAE04EC0-301F-11D3-BF4B-00C04F79EFBC}") = "ЛР №12", "ЛР №12\ЛР №12.csproj", "{A916BB82-2E76-435F-A284-9B6F1184A902}"
EndProject
Global
	GlobalSection(SolutionConfigurationPlatforms) = preSolution
		Debug|Any CPU = Debug|Any CPU
		Release|Any CPU = Release|Any CPU
	EndGlobalSection
	GlobalSection(ProjectConfigurationPlatforms) = postSolution
		{A916BB82-2E76-435F-A284-9B6F1184A902}.Debug|Any CPU.ActiveCfg = Debug|Any CPU
		{A916BB82-2E76-435F-A284-9B6F1184A902}.Debug|Any CPU.Build.0 = Debug|Any CPU
		{A916BB82-2E76-435F-A284-9B6F1184A902}.Release|Any CPU.ActiveCfg = Release|Any CPU
		{A916BB82-2E76-435F-A284-9B6F1184A902}.Release|Any CPU.Build.0 = Release|Any CPU
	EndGlobalSection
	GlobalSection(SolutionProperties) = preSolution
		HideSolutionNode = FALSE
	EndGlobalSection
	GlobalSection(ExtensibilityGlobals) = postSolution
		SolutionGuid = {4F379415-F248-4C79-AC9A-B8624A4E10EC}
	EndGlobalSection
EndGlobal
