
Microsoft Visual Studio Solution File, Format Version 12.00
# Visual Studio Version 16
VisualStudioVersion = 16.0.30517.126
MinimumVisualStudioVersion = 10.0.40219.1
Project("{FAE04EC0-301F-11D3-BF4B-00C04F79EFBC}") = "ЛР №8", "ЛР №8\ЛР №8.csproj", "{2ACADF5E-6D46-494F-B6DE-E4EE69313D0A}"
EndProject
Global
	GlobalSection(SolutionConfigurationPlatforms) = preSolution
		Debug|Any CPU = Debug|Any CPU
		Release|Any CPU = Release|Any CPU
	EndGlobalSection
	GlobalSection(ProjectConfigurationPlatforms) = postSolution
		{2ACADF5E-6D46-494F-B6DE-E4EE69313D0A}.Debug|Any CPU.ActiveCfg = Debug|Any CPU
		{2ACADF5E-6D46-494F-B6DE-E4EE69313D0A}.Debug|Any CPU.Build.0 = Debug|Any CPU
		{2ACADF5E-6D46-494F-B6DE-E4EE69313D0A}.Release|Any CPU.ActiveCfg = Release|Any CPU
		{2ACADF5E-6D46-494F-B6DE-E4EE69313D0A}.Release|Any CPU.Build.0 = Release|Any CPU
	EndGlobalSection
	GlobalSection(SolutionProperties) = preSolution
		HideSolutionNode = FALSE
	EndGlobalSection
	GlobalSection(ExtensibilityGlobals) = postSolution
		SolutionGuid = {6E7BAE74-64D1-40FC-84B3-20CC38B7AF59}
	EndGlobalSection
EndGlobal
