
Microsoft Visual Studio Solution File, Format Version 12.00
# Visual Studio Version 16
VisualStudioVersion = 16.0.29411.108
MinimumVisualStudioVersion = 10.0.40219.1
Project("{8BC9CEB8-8B4A-11D0-8D11-00A0C91BC942}") = "Доп. ЛР №16.2.2", "Доп. ЛР №16.2.2\Доп. ЛР №16.2.2.vcxproj", "{8AA62C8F-12F2-4014-9AE2-BC462E182EBC}"
EndProject
Global
	GlobalSection(SolutionConfigurationPlatforms) = preSolution
		Debug|x64 = Debug|x64
		Debug|x86 = Debug|x86
		Release|x64 = Release|x64
		Release|x86 = Release|x86
	EndGlobalSection
	GlobalSection(ProjectConfigurationPlatforms) = postSolution
		{8AA62C8F-12F2-4014-9AE2-BC462E182EBC}.Debug|x64.ActiveCfg = Debug|x64
		{8AA62C8F-12F2-4014-9AE2-BC462E182EBC}.Debug|x64.Build.0 = Debug|x64
		{8AA62C8F-12F2-4014-9AE2-BC462E182EBC}.Debug|x86.ActiveCfg = Debug|Win32
		{8AA62C8F-12F2-4014-9AE2-BC462E182EBC}.Debug|x86.Build.0 = Debug|Win32
		{8AA62C8F-12F2-4014-9AE2-BC462E182EBC}.Release|x64.ActiveCfg = Release|x64
		{8AA62C8F-12F2-4014-9AE2-BC462E182EBC}.Release|x64.Build.0 = Release|x64
		{8AA62C8F-12F2-4014-9AE2-BC462E182EBC}.Release|x86.ActiveCfg = Release|Win32
		{8AA62C8F-12F2-4014-9AE2-BC462E182EBC}.Release|x86.Build.0 = Release|Win32
	EndGlobalSection
	GlobalSection(SolutionProperties) = preSolution
		HideSolutionNode = FALSE
	EndGlobalSection
	GlobalSection(ExtensibilityGlobals) = postSolution
		SolutionGuid = {9FE02817-113E-4647-A560-56685E089CDB}
	EndGlobalSection
EndGlobal
