
Microsoft Visual Studio Solution File, Format Version 12.00
# Visual Studio Version 16
VisualStudioVersion = 16.0.29411.108
MinimumVisualStudioVersion = 10.0.40219.1
Project("{8BC9CEB8-8B4A-11D0-8D11-00A0C91BC942}") = "Доп. ЛР №1.2.2", "Доп. ЛР №1.2.2\Доп. ЛР №1.2.2.vcxproj", "{3DDD11DE-8E0E-4450-AD05-D0CEC56D9AAA}"
EndProject
Global
	GlobalSection(SolutionConfigurationPlatforms) = preSolution
		Debug|x64 = Debug|x64
		Debug|x86 = Debug|x86
		Release|x64 = Release|x64
		Release|x86 = Release|x86
	EndGlobalSection
	GlobalSection(ProjectConfigurationPlatforms) = postSolution
		{3DDD11DE-8E0E-4450-AD05-D0CEC56D9AAA}.Debug|x64.ActiveCfg = Debug|x64
		{3DDD11DE-8E0E-4450-AD05-D0CEC56D9AAA}.Debug|x64.Build.0 = Debug|x64
		{3DDD11DE-8E0E-4450-AD05-D0CEC56D9AAA}.Debug|x86.ActiveCfg = Debug|Win32
		{3DDD11DE-8E0E-4450-AD05-D0CEC56D9AAA}.Debug|x86.Build.0 = Debug|Win32
		{3DDD11DE-8E0E-4450-AD05-D0CEC56D9AAA}.Release|x64.ActiveCfg = Release|x64
		{3DDD11DE-8E0E-4450-AD05-D0CEC56D9AAA}.Release|x64.Build.0 = Release|x64
		{3DDD11DE-8E0E-4450-AD05-D0CEC56D9AAA}.Release|x86.ActiveCfg = Release|Win32
		{3DDD11DE-8E0E-4450-AD05-D0CEC56D9AAA}.Release|x86.Build.0 = Release|Win32
	EndGlobalSection
	GlobalSection(SolutionProperties) = preSolution
		HideSolutionNode = FALSE
	EndGlobalSection
	GlobalSection(ExtensibilityGlobals) = postSolution
		SolutionGuid = {D2EF3AA9-EF46-42DE-9D69-97C41D6FB904}
	EndGlobalSection
EndGlobal
