
Microsoft Visual Studio Solution File, Format Version 12.00
# Visual Studio Version 16
VisualStudioVersion = 16.0.29411.108
MinimumVisualStudioVersion = 10.0.40219.1
Project("{8BC9CEB8-8B4A-11D0-8D11-00A0C91BC942}") = "Доп. ЛР №1.1.1", "Доп. ЛР №1.1.1\Доп. ЛР №1.1.1.vcxproj", "{8BBE2786-54D2-4036-B3B5-A452F433F114}"
EndProject
Global
	GlobalSection(SolutionConfigurationPlatforms) = preSolution
		Debug|x64 = Debug|x64
		Debug|x86 = Debug|x86
		Release|x64 = Release|x64
		Release|x86 = Release|x86
	EndGlobalSection
	GlobalSection(ProjectConfigurationPlatforms) = postSolution
		{8BBE2786-54D2-4036-B3B5-A452F433F114}.Debug|x64.ActiveCfg = Debug|x64
		{8BBE2786-54D2-4036-B3B5-A452F433F114}.Debug|x64.Build.0 = Debug|x64
		{8BBE2786-54D2-4036-B3B5-A452F433F114}.Debug|x86.ActiveCfg = Debug|Win32
		{8BBE2786-54D2-4036-B3B5-A452F433F114}.Debug|x86.Build.0 = Debug|Win32
		{8BBE2786-54D2-4036-B3B5-A452F433F114}.Release|x64.ActiveCfg = Release|x64
		{8BBE2786-54D2-4036-B3B5-A452F433F114}.Release|x64.Build.0 = Release|x64
		{8BBE2786-54D2-4036-B3B5-A452F433F114}.Release|x86.ActiveCfg = Release|Win32
		{8BBE2786-54D2-4036-B3B5-A452F433F114}.Release|x86.Build.0 = Release|Win32
	EndGlobalSection
	GlobalSection(SolutionProperties) = preSolution
		HideSolutionNode = FALSE
	EndGlobalSection
	GlobalSection(ExtensibilityGlobals) = postSolution
		SolutionGuid = {640E1A4F-17EE-45D8-A182-21C7926ADFF9}
	EndGlobalSection
EndGlobal
