
Microsoft Visual Studio Solution File, Format Version 12.00
# Visual Studio Version 16
VisualStudioVersion = 16.0.29411.108
MinimumVisualStudioVersion = 10.0.40219.1
Project("{8BC9CEB8-8B4A-11D0-8D11-00A0C91BC942}") = "ЛР №7", "ЛР №7\ЛР №7.vcxproj", "{6927E81F-2DEC-4C36-A2D2-9EE3F8DC6B45}"
EndProject
Global
	GlobalSection(SolutionConfigurationPlatforms) = preSolution
		Debug|x64 = Debug|x64
		Debug|x86 = Debug|x86
		Release|x64 = Release|x64
		Release|x86 = Release|x86
	EndGlobalSection
	GlobalSection(ProjectConfigurationPlatforms) = postSolution
		{6927E81F-2DEC-4C36-A2D2-9EE3F8DC6B45}.Debug|x64.ActiveCfg = Debug|x64
		{6927E81F-2DEC-4C36-A2D2-9EE3F8DC6B45}.Debug|x64.Build.0 = Debug|x64
		{6927E81F-2DEC-4C36-A2D2-9EE3F8DC6B45}.Debug|x86.ActiveCfg = Debug|Win32
		{6927E81F-2DEC-4C36-A2D2-9EE3F8DC6B45}.Debug|x86.Build.0 = Debug|Win32
		{6927E81F-2DEC-4C36-A2D2-9EE3F8DC6B45}.Release|x64.ActiveCfg = Release|x64
		{6927E81F-2DEC-4C36-A2D2-9EE3F8DC6B45}.Release|x64.Build.0 = Release|x64
		{6927E81F-2DEC-4C36-A2D2-9EE3F8DC6B45}.Release|x86.ActiveCfg = Release|Win32
		{6927E81F-2DEC-4C36-A2D2-9EE3F8DC6B45}.Release|x86.Build.0 = Release|Win32
	EndGlobalSection
	GlobalSection(SolutionProperties) = preSolution
		HideSolutionNode = FALSE
	EndGlobalSection
	GlobalSection(ExtensibilityGlobals) = postSolution
		SolutionGuid = {32E6BB32-EDD9-47A1-A111-DC26411D79B2}
	EndGlobalSection
EndGlobal
