
Microsoft Visual Studio Solution File, Format Version 12.00
# Visual Studio Version 16
VisualStudioVersion = 16.0.30907.101
MinimumVisualStudioVersion = 10.0.40219.1
Project("{FAE04EC0-301F-11D3-BF4B-00C04F79EFBC}") = "ЛР №6.2", "ЛР №6.2\ЛР №6.2.csproj", "{4BF79000-FFAD-4FBE-8F18-12F44AEA5DE5}"
EndProject
Global
	GlobalSection(SolutionConfigurationPlatforms) = preSolution
		Debug|Any CPU = Debug|Any CPU
		Release|Any CPU = Release|Any CPU
	EndGlobalSection
	GlobalSection(ProjectConfigurationPlatforms) = postSolution
		{4BF79000-FFAD-4FBE-8F18-12F44AEA5DE5}.Debug|Any CPU.ActiveCfg = Debug|Any CPU
		{4BF79000-FFAD-4FBE-8F18-12F44AEA5DE5}.Debug|Any CPU.Build.0 = Debug|Any CPU
		{4BF79000-FFAD-4FBE-8F18-12F44AEA5DE5}.Release|Any CPU.ActiveCfg = Release|Any CPU
		{4BF79000-FFAD-4FBE-8F18-12F44AEA5DE5}.Release|Any CPU.Build.0 = Release|Any CPU
	EndGlobalSection
	GlobalSection(SolutionProperties) = preSolution
		HideSolutionNode = FALSE
	EndGlobalSection
	GlobalSection(ExtensibilityGlobals) = postSolution
		SolutionGuid = {C4E4F4A4-4BE0-4996-8F8B-EF3093F545CD}
	EndGlobalSection
EndGlobal
