
Microsoft Visual Studio Solution File, Format Version 12.00
# Visual Studio Version 16
VisualStudioVersion = 16.0.29326.143
MinimumVisualStudioVersion = 10.0.40219.1
Project("{8BC9CEB8-8B4A-11D0-8D11-00A0C91BC942}") = "5 лр, 4 доп", "5 лр, 4 доп\5 лр, 4 доп.vcxproj", "{C47C4438-C9EF-4491-9359-251AC56D3BC2}"
EndProject
Global
	GlobalSection(SolutionConfigurationPlatforms) = preSolution
		Debug|x64 = Debug|x64
		Debug|x86 = Debug|x86
		Release|x64 = Release|x64
		Release|x86 = Release|x86
	EndGlobalSection
	GlobalSection(ProjectConfigurationPlatforms) = postSolution
		{C47C4438-C9EF-4491-9359-251AC56D3BC2}.Debug|x64.ActiveCfg = Debug|x64
		{C47C4438-C9EF-4491-9359-251AC56D3BC2}.Debug|x64.Build.0 = Debug|x64
		{C47C4438-C9EF-4491-9359-251AC56D3BC2}.Debug|x86.ActiveCfg = Debug|Win32
		{C47C4438-C9EF-4491-9359-251AC56D3BC2}.Debug|x86.Build.0 = Debug|Win32
		{C47C4438-C9EF-4491-9359-251AC56D3BC2}.Release|x64.ActiveCfg = Release|x64
		{C47C4438-C9EF-4491-9359-251AC56D3BC2}.Release|x64.Build.0 = Release|x64
		{C47C4438-C9EF-4491-9359-251AC56D3BC2}.Release|x86.ActiveCfg = Release|Win32
		{C47C4438-C9EF-4491-9359-251AC56D3BC2}.Release|x86.Build.0 = Release|Win32
	EndGlobalSection
	GlobalSection(SolutionProperties) = preSolution
		HideSolutionNode = FALSE
	EndGlobalSection
	GlobalSection(ExtensibilityGlobals) = postSolution
		SolutionGuid = {78E6717B-BEC8-43AF-B94C-5F22AEC75268}
	EndGlobalSection
EndGlobal
