
Microsoft Visual Studio Solution File, Format Version 12.00
# Visual Studio Version 16
VisualStudioVersion = 16.0.30907.101
MinimumVisualStudioVersion = 10.0.40219.1
Project("{8BC9CEB8-8B4A-11D0-8D11-00A0C91BC942}") = "ЛР №2.1", "ЛР №2.1\ЛР №2.1.vcxproj", "{F000F690-3381-4499-A834-CB1767A84835}"
EndProject
Global
	GlobalSection(SolutionConfigurationPlatforms) = preSolution
		Debug|x64 = Debug|x64
		Debug|x86 = Debug|x86
		Release|x64 = Release|x64
		Release|x86 = Release|x86
	EndGlobalSection
	GlobalSection(ProjectConfigurationPlatforms) = postSolution
		{F000F690-3381-4499-A834-CB1767A84835}.Debug|x64.ActiveCfg = Debug|x64
		{F000F690-3381-4499-A834-CB1767A84835}.Debug|x64.Build.0 = Debug|x64
		{F000F690-3381-4499-A834-CB1767A84835}.Debug|x86.ActiveCfg = Debug|Win32
		{F000F690-3381-4499-A834-CB1767A84835}.Debug|x86.Build.0 = Debug|Win32
		{F000F690-3381-4499-A834-CB1767A84835}.Release|x64.ActiveCfg = Release|x64
		{F000F690-3381-4499-A834-CB1767A84835}.Release|x64.Build.0 = Release|x64
		{F000F690-3381-4499-A834-CB1767A84835}.Release|x86.ActiveCfg = Release|Win32
		{F000F690-3381-4499-A834-CB1767A84835}.Release|x86.Build.0 = Release|Win32
	EndGlobalSection
	GlobalSection(SolutionProperties) = preSolution
		HideSolutionNode = FALSE
	EndGlobalSection
	GlobalSection(ExtensibilityGlobals) = postSolution
		SolutionGuid = {3CB444EE-7A32-4F7E-9049-FCFEC5C1FD49}
	EndGlobalSection
EndGlobal
