
Microsoft Visual Studio Solution File, Format Version 12.00
# Visual Studio Version 16
VisualStudioVersion = 16.0.30907.101
MinimumVisualStudioVersion = 10.0.40219.1
Project("{FAE04EC0-301F-11D3-BF4B-00C04F79EFBC}") = "DBGenerator", "DBGenerator\DBGenerator.csproj", "{F3264638-99A6-498D-A629-E78EC498DF12}"
EndProject
Global
	GlobalSection(SolutionConfigurationPlatforms) = preSolution
		Debug|Any CPU = Debug|Any CPU
		Release|Any CPU = Release|Any CPU
	EndGlobalSection
	GlobalSection(ProjectConfigurationPlatforms) = postSolution
		{F3264638-99A6-498D-A629-E78EC498DF12}.Debug|Any CPU.ActiveCfg = Debug|Any CPU
		{F3264638-99A6-498D-A629-E78EC498DF12}.Debug|Any CPU.Build.0 = Debug|Any CPU
		{F3264638-99A6-498D-A629-E78EC498DF12}.Release|Any CPU.ActiveCfg = Release|Any CPU
		{F3264638-99A6-498D-A629-E78EC498DF12}.Release|Any CPU.Build.0 = Release|Any CPU
	EndGlobalSection
	GlobalSection(SolutionProperties) = preSolution
		HideSolutionNode = FALSE
	EndGlobalSection
	GlobalSection(ExtensibilityGlobals) = postSolution
		SolutionGuid = {8397EAD3-B2AC-4402-9CD6-57491E6BA00C}
	EndGlobalSection
EndGlobal
