
Microsoft Visual Studio Solution File, Format Version 12.00
# Visual Studio Version 16
VisualStudioVersion = 16.0.29905.134
MinimumVisualStudioVersion = 10.0.40219.1
Project("{8BC9CEB8-8B4A-11D0-8D11-00A0C91BC942}") = "ЛР №3.3", "ЛР №3.3\ЛР №3.3.vcxproj", "{E7EC46C7-6AB4-4424-8E82-723DFD0D3FF5}"
EndProject
Global
	GlobalSection(SolutionConfigurationPlatforms) = preSolution
		Debug|x64 = Debug|x64
		Debug|x86 = Debug|x86
		Release|x64 = Release|x64
		Release|x86 = Release|x86
	EndGlobalSection
	GlobalSection(ProjectConfigurationPlatforms) = postSolution
		{E7EC46C7-6AB4-4424-8E82-723DFD0D3FF5}.Debug|x64.ActiveCfg = Debug|x64
		{E7EC46C7-6AB4-4424-8E82-723DFD0D3FF5}.Debug|x64.Build.0 = Debug|x64
		{E7EC46C7-6AB4-4424-8E82-723DFD0D3FF5}.Debug|x86.ActiveCfg = Debug|Win32
		{E7EC46C7-6AB4-4424-8E82-723DFD0D3FF5}.Debug|x86.Build.0 = Debug|Win32
		{E7EC46C7-6AB4-4424-8E82-723DFD0D3FF5}.Release|x64.ActiveCfg = Release|x64
		{E7EC46C7-6AB4-4424-8E82-723DFD0D3FF5}.Release|x64.Build.0 = Release|x64
		{E7EC46C7-6AB4-4424-8E82-723DFD0D3FF5}.Release|x86.ActiveCfg = Release|Win32
		{E7EC46C7-6AB4-4424-8E82-723DFD0D3FF5}.Release|x86.Build.0 = Release|Win32
	EndGlobalSection
	GlobalSection(SolutionProperties) = preSolution
		HideSolutionNode = FALSE
	EndGlobalSection
	GlobalSection(ExtensibilityGlobals) = postSolution
		SolutionGuid = {C67DFD88-6EB1-4479-9294-F014C7195830}
	EndGlobalSection
EndGlobal
