
Microsoft Visual Studio Solution File, Format Version 12.00
# Visual Studio 15
VisualStudioVersion = 15.0.28307.421
MinimumVisualStudioVersion = 10.0.40219.1
Project("{FAE04EC0-301F-11D3-BF4B-00C04F79EFBC}") = "OOP_Laba_2.1", "OOP_Laba_2.1\OOP_Laba_2.1.csproj", "{23FE258B-9F58-41EE-8BAF-08DB0B94682C}"
EndProject
Global
	GlobalSection(SolutionConfigurationPlatforms) = preSolution
		Debug|Any CPU = Debug|Any CPU
		Release|Any CPU = Release|Any CPU
	EndGlobalSection
	GlobalSection(ProjectConfigurationPlatforms) = postSolution
		{23FE258B-9F58-41EE-8BAF-08DB0B94682C}.Debug|Any CPU.ActiveCfg = Debug|Any CPU
		{23FE258B-9F58-41EE-8BAF-08DB0B94682C}.Debug|Any CPU.Build.0 = Debug|Any CPU
		{23FE258B-9F58-41EE-8BAF-08DB0B94682C}.Release|Any CPU.ActiveCfg = Release|Any CPU
		{23FE258B-9F58-41EE-8BAF-08DB0B94682C}.Release|Any CPU.Build.0 = Release|Any CPU
	EndGlobalSection
	GlobalSection(SolutionProperties) = preSolution
		HideSolutionNode = FALSE
	EndGlobalSection
	GlobalSection(ExtensibilityGlobals) = postSolution
		SolutionGuid = {E4D09A42-5D28-44D9-BADE-10A117EA35B8}
	EndGlobalSection
EndGlobal
