
Microsoft Visual Studio Solution File, Format Version 12.00
# Visual Studio Version 16
VisualStudioVersion = 16.0.28917.182
MinimumVisualStudioVersion = 10.0.40219.1
Project("{FAE04EC0-301F-11D3-BF4B-00C04F79EFBC}") = "OOP_Laba_9.1", "OOP_Laba_9.1\OOP_Laba_9.1.csproj", "{F45A6515-86FF-4E6B-9A56-208987127D11}"
EndProject
Global
	GlobalSection(SolutionConfigurationPlatforms) = preSolution
		Debug|Any CPU = Debug|Any CPU
		Release|Any CPU = Release|Any CPU
	EndGlobalSection
	GlobalSection(ProjectConfigurationPlatforms) = postSolution
		{F45A6515-86FF-4E6B-9A56-208987127D11}.Debug|Any CPU.ActiveCfg = Debug|Any CPU
		{F45A6515-86FF-4E6B-9A56-208987127D11}.Debug|Any CPU.Build.0 = Debug|Any CPU
		{F45A6515-86FF-4E6B-9A56-208987127D11}.Release|Any CPU.ActiveCfg = Release|Any CPU
		{F45A6515-86FF-4E6B-9A56-208987127D11}.Release|Any CPU.Build.0 = Release|Any CPU
	EndGlobalSection
	GlobalSection(SolutionProperties) = preSolution
		HideSolutionNode = FALSE
	EndGlobalSection
	GlobalSection(ExtensibilityGlobals) = postSolution
		SolutionGuid = {7B28A0B3-5AEB-49E2-9D1B-2C0F6DA8B05A}
	EndGlobalSection
EndGlobal
