
Microsoft Visual Studio Solution File, Format Version 12.00
# Visual Studio Version 16
VisualStudioVersion = 16.0.30804.86
MinimumVisualStudioVersion = 10.0.40219.1
Project("{FAE04EC0-301F-11D3-BF4B-00C04F79EFBC}") = "ЛР №15", "ЛР №15\ЛР №15.csproj", "{D1886A6A-D5B7-4493-B05A-FF88B001F2C7}"
EndProject
Global
	GlobalSection(SolutionConfigurationPlatforms) = preSolution
		Debug|Any CPU = Debug|Any CPU
		Release|Any CPU = Release|Any CPU
	EndGlobalSection
	GlobalSection(ProjectConfigurationPlatforms) = postSolution
		{D1886A6A-D5B7-4493-B05A-FF88B001F2C7}.Debug|Any CPU.ActiveCfg = Debug|Any CPU
		{D1886A6A-D5B7-4493-B05A-FF88B001F2C7}.Debug|Any CPU.Build.0 = Debug|Any CPU
		{D1886A6A-D5B7-4493-B05A-FF88B001F2C7}.Release|Any CPU.ActiveCfg = Release|Any CPU
		{D1886A6A-D5B7-4493-B05A-FF88B001F2C7}.Release|Any CPU.Build.0 = Release|Any CPU
	EndGlobalSection
	GlobalSection(SolutionProperties) = preSolution
		HideSolutionNode = FALSE
	EndGlobalSection
	GlobalSection(ExtensibilityGlobals) = postSolution
		SolutionGuid = {F6B6788E-E033-4F80-A879-BD5D25E926A9}
	EndGlobalSection
EndGlobal
