
Microsoft Visual Studio Solution File, Format Version 12.00
# Visual Studio 15
VisualStudioVersion = 15.0.28307.779
MinimumVisualStudioVersion = 10.0.40219.1
Project("{FAE04EC0-301F-11D3-BF4B-00C04F79EFBC}") = "WpfApp4", "WpfApp4\WpfApp4.csproj", "{ADE73F68-0E5F-428B-B24B-D09177091E58}"
EndProject
Global
	GlobalSection(SolutionConfigurationPlatforms) = preSolution
		Debug|Any CPU = Debug|Any CPU
		Release|Any CPU = Release|Any CPU
	EndGlobalSection
	GlobalSection(ProjectConfigurationPlatforms) = postSolution
		{ADE73F68-0E5F-428B-B24B-D09177091E58}.Debug|Any CPU.ActiveCfg = Debug|Any CPU
		{ADE73F68-0E5F-428B-B24B-D09177091E58}.Debug|Any CPU.Build.0 = Debug|Any CPU
		{ADE73F68-0E5F-428B-B24B-D09177091E58}.Release|Any CPU.ActiveCfg = Release|Any CPU
		{ADE73F68-0E5F-428B-B24B-D09177091E58}.Release|Any CPU.Build.0 = Release|Any CPU
	EndGlobalSection
	GlobalSection(SolutionProperties) = preSolution
		HideSolutionNode = FALSE
	EndGlobalSection
	GlobalSection(ExtensibilityGlobals) = postSolution
		SolutionGuid = {A8638BE4-CB69-4ED4-A735-99202A86517A}
	EndGlobalSection
EndGlobal
