
Microsoft Visual Studio Solution File, Format Version 12.00
# Visual Studio Version 16
VisualStudioVersion = 16.0.29411.108
MinimumVisualStudioVersion = 10.0.40219.1
Project("{8BC9CEB8-8B4A-11D0-8D11-00A0C91BC942}") = "Доп. ЛР №16.3.2", "Доп. ЛР №16.3.2\Доп. ЛР №16.3.2.vcxproj", "{7186ED83-9961-4885-A71F-B8DDBAD4EBA0}"
EndProject
Global
	GlobalSection(SolutionConfigurationPlatforms) = preSolution
		Debug|x64 = Debug|x64
		Debug|x86 = Debug|x86
		Release|x64 = Release|x64
		Release|x86 = Release|x86
	EndGlobalSection
	GlobalSection(ProjectConfigurationPlatforms) = postSolution
		{7186ED83-9961-4885-A71F-B8DDBAD4EBA0}.Debug|x64.ActiveCfg = Debug|x64
		{7186ED83-9961-4885-A71F-B8DDBAD4EBA0}.Debug|x64.Build.0 = Debug|x64
		{7186ED83-9961-4885-A71F-B8DDBAD4EBA0}.Debug|x86.ActiveCfg = Debug|Win32
		{7186ED83-9961-4885-A71F-B8DDBAD4EBA0}.Debug|x86.Build.0 = Debug|Win32
		{7186ED83-9961-4885-A71F-B8DDBAD4EBA0}.Release|x64.ActiveCfg = Release|x64
		{7186ED83-9961-4885-A71F-B8DDBAD4EBA0}.Release|x64.Build.0 = Release|x64
		{7186ED83-9961-4885-A71F-B8DDBAD4EBA0}.Release|x86.ActiveCfg = Release|Win32
		{7186ED83-9961-4885-A71F-B8DDBAD4EBA0}.Release|x86.Build.0 = Release|Win32
	EndGlobalSection
	GlobalSection(SolutionProperties) = preSolution
		HideSolutionNode = FALSE
	EndGlobalSection
	GlobalSection(ExtensibilityGlobals) = postSolution
		SolutionGuid = {67E4AF7B-BF2A-49F4-A37F-5B25411DB531}
	EndGlobalSection
EndGlobal
