
Microsoft Visual Studio Solution File, Format Version 12.00
# Visual Studio 15
VisualStudioVersion = 15.0.28307.779
MinimumVisualStudioVersion = 10.0.40219.1
Project("{FAE04EC0-301F-11D3-BF4B-00C04F79EFBC}") = "LR7", "LR7\LR7.csproj", "{144133EA-0D7F-40FA-9D04-FD51D290AB9D}"
EndProject
Global
	GlobalSection(SolutionConfigurationPlatforms) = preSolution
		Debug|Any CPU = Debug|Any CPU
		Release|Any CPU = Release|Any CPU
	EndGlobalSection
	GlobalSection(ProjectConfigurationPlatforms) = postSolution
		{144133EA-0D7F-40FA-9D04-FD51D290AB9D}.Debug|Any CPU.ActiveCfg = Debug|Any CPU
		{144133EA-0D7F-40FA-9D04-FD51D290AB9D}.Debug|Any CPU.Build.0 = Debug|Any CPU
		{144133EA-0D7F-40FA-9D04-FD51D290AB9D}.Release|Any CPU.ActiveCfg = Release|Any CPU
		{144133EA-0D7F-40FA-9D04-FD51D290AB9D}.Release|Any CPU.Build.0 = Release|Any CPU
	EndGlobalSection
	GlobalSection(SolutionProperties) = preSolution
		HideSolutionNode = FALSE
	EndGlobalSection
	GlobalSection(ExtensibilityGlobals) = postSolution
		SolutionGuid = {6CF4341C-825D-479E-86C3-99E6E478FDD5}
	EndGlobalSection
EndGlobal
