
Microsoft Visual Studio Solution File, Format Version 12.00
# Visual Studio Version 16
VisualStudioVersion = 16.0.30104.148
MinimumVisualStudioVersion = 10.0.40219.1
Project("{FAE04EC0-301F-11D3-BF4B-00C04F79EFBC}") = "Lab_9", "Lab_9\Lab_9.csproj", "{D1638329-65F5-4DAA-BC8C-ECDDFD12B498}"
EndProject
Global
	GlobalSection(SolutionConfigurationPlatforms) = preSolution
		Debug|Any CPU = Debug|Any CPU
		Release|Any CPU = Release|Any CPU
	EndGlobalSection
	GlobalSection(ProjectConfigurationPlatforms) = postSolution
		{D1638329-65F5-4DAA-BC8C-ECDDFD12B498}.Debug|Any CPU.ActiveCfg = Debug|Any CPU
		{D1638329-65F5-4DAA-BC8C-ECDDFD12B498}.Debug|Any CPU.Build.0 = Debug|Any CPU
		{D1638329-65F5-4DAA-BC8C-ECDDFD12B498}.Release|Any CPU.ActiveCfg = Release|Any CPU
		{D1638329-65F5-4DAA-BC8C-ECDDFD12B498}.Release|Any CPU.Build.0 = Release|Any CPU
	EndGlobalSection
	GlobalSection(SolutionProperties) = preSolution
		HideSolutionNode = FALSE
	EndGlobalSection
	GlobalSection(ExtensibilityGlobals) = postSolution
		SolutionGuid = {1F8C2FF3-3955-404B-8BE9-28ADCAEF40FA}
	EndGlobalSection
EndGlobal
